
Microsoft Visual Studio Solution File, Format Version 12.00
# Visual Studio Version 17
VisualStudioVersion = 17.4.33205.214
MinimumVisualStudioVersion = 10.0.40219.1
Project("{9A19103F-16F7-4668-BE54-9A1E7A4F7556}") = "Apps.ModelFront", "ModelFront\Apps.ModelFront.csproj", "{87013C6E-D63A-4137-9501-01A890F1B3BB}"
EndProject
Global
	GlobalSection(SolutionConfigurationPlatforms) = preSolution
		Debug|Any CPU = Debug|Any CPU
		Release|Any CPU = Release|Any CPU
	EndGlobalSection
	GlobalSection(ProjectConfigurationPlatforms) = postSolution
		{87013C6E-D63A-4137-9501-01A890F1B3BB}.Debug|Any CPU.ActiveCfg = Debug|Any CPU
		{87013C6E-D63A-4137-9501-01A890F1B3BB}.Debug|Any CPU.Build.0 = Debug|Any CPU
		{87013C6E-D63A-4137-9501-01A890F1B3BB}.Release|Any CPU.ActiveCfg = Release|Any CPU
		{87013C6E-D63A-4137-9501-01A890F1B3BB}.Release|Any CPU.Build.0 = Release|Any CPU
	EndGlobalSection
	GlobalSection(SolutionProperties) = preSolution
		HideSolutionNode = FALSE
	EndGlobalSection
	GlobalSection(ExtensibilityGlobals) = postSolution
		SolutionGuid = {675ED70E-E086-4B63-AB15-FA604B53F548}
	EndGlobalSection
EndGlobal
